{
  "name": "miniprogram",
  "version": "1.0.0",
  "lockfileVersion": 1,
  "requires": true,
  "dependencies": {
    "vant-weapp": {
      "version": "1.0.0-beta.0",
      "resolved": "https://registry.npmjs.org/vant-weapp/-/vant-weapp-1.0.0-beta.0.tgz",
      "integrity": "sha512-5lFcQfibygU1WTLe/54vICmOfuOPgdfh8M4rUJXUBT8v7gqrql3QNIjv2T9/cJn0Oh8xK4LRZckHmAr50HWr6g=="
    },
    "wux-weapp": {
      "version": "3.8.1",
      "resolved": "https://registry.npmjs.org/wux-weapp/-/wux-weapp-3.8.1.tgz",
      "integrity": "sha512-1943echKo4hiL1/mQaW1Sx6BeYe95lXjrtUqn3D5REM2g94U3EzFaY19ULudIDeALQ6JUchFwH0RG0g7+uaXpg=="
    }
  }
}
